# This file is generated by running "yarn install" inside your project.
# Manual changes might be lost - proceed with caution!

__metadata:
  version: 5
  cacheKey: 8

"@capm_diealone/fhirstarter@workspace:.":
  version: 0.0.0-use.local
  resolution: "@capm_diealone/fhirstarter@workspace:."
  dependencies:
    axios: ^0.24.0
    config: ^3.3.6
    node-html-parser: ^5.1.0
    prettier: 2.5.1
  languageName: unknown
  linkType: soft

"axios@npm:^0.24.0":
  version: 0.24.0
  resolution: "axios@npm:0.24.0"
  dependencies:
    follow-redirects: ^1.14.4
  checksum: 468cf496c08a6aadfb7e699bebdac02851e3043d4e7d282350804ea8900e30d368daa6e3cd4ab83b8ddb5a3b1e17a5a21ada13fc9cebd27b74828f47a4236316
  languageName: node
  linkType: hard

"boolbase@npm:^1.0.0":
  version: 1.0.0
  resolution: "boolbase@npm:1.0.0"
  checksum: 3e25c80ef626c3a3487c73dbfc70ac322ec830666c9ad915d11b701142fab25ec1e63eff2c450c74347acfd2de854ccde865cd79ef4db1683f7c7b046ea43bb0
  languageName: node
  linkType: hard

"config@npm:^3.3.6":
  version: 3.3.6
  resolution: "config@npm:3.3.6"
  dependencies:
    json5: ^2.1.1
  checksum: 53684cae0d1c9fa2fe6db41fa85201aa5ab92dcbe7596d63381e7e48f0cb3dea45bee812dc18ee91a3daf887ec0f3c57bf4acc555629ba7608d5a3b932e61c8e
  languageName: node
  linkType: hard

"css-select@npm:^4.1.3":
  version: 4.1.3
  resolution: "css-select@npm:4.1.3"
  dependencies:
    boolbase: ^1.0.0
    css-what: ^5.0.0
    domhandler: ^4.2.0
    domutils: ^2.6.0
    nth-check: ^2.0.0
  checksum: 40928f1aa6c71faf36430e7f26bcbb8ab51d07b98b754caacb71906400a195df5e6c7020a94f2982f02e52027b9bd57c99419220cf7020968c3415f14e4be5f8
  languageName: node
  linkType: hard

"css-what@npm:^5.0.0":
  version: 5.1.0
  resolution: "css-what@npm:5.1.0"
  checksum: 0b75d1bac95c885c168573c85744a6c6843d8c33345f54f717218b37ea6296b0e99bb12105930ea170fd4a921990392a7c790c16c585c1d8960c49e2b7ec39f7
  languageName: node
  linkType: hard

"dom-serializer@npm:^1.0.1":
  version: 1.3.2
  resolution: "dom-serializer@npm:1.3.2"
  dependencies:
    domelementtype: ^2.0.1
    domhandler: ^4.2.0
    entities: ^2.0.0
  checksum: bff48714944d67b160db71ba244fb0f3fe72e77ef2ec8414e2eeb56f2d926e404a13456b8b83a5392e217ba47dec2ec0c368801b31481813e94d185276c3e964
  languageName: node
  linkType: hard

"domelementtype@npm:^2.0.1, domelementtype@npm:^2.2.0":
  version: 2.2.0
  resolution: "domelementtype@npm:2.2.0"
  checksum: 24cb386198640cd58aa36f8c987f2ea61859929106d06ffcc8f547e70cb2ed82a6dc56dcb8252b21fba1f1ea07df6e4356d60bfe57f77114ca1aed6828362629
  languageName: node
  linkType: hard

"domhandler@npm:^4.2.0":
  version: 4.3.0
  resolution: "domhandler@npm:4.3.0"
  dependencies:
    domelementtype: ^2.2.0
  checksum: d2a2dbf40dd99abf936b65ad83c6b530afdb3605a87cad37a11b5d9220e68423ebef1b86c89e0f6d93ffaf315cc327cf1a988652e7a9a95cce539e3984f4c64d
  languageName: node
  linkType: hard

"domutils@npm:^2.6.0":
  version: 2.8.0
  resolution: "domutils@npm:2.8.0"
  dependencies:
    dom-serializer: ^1.0.1
    domelementtype: ^2.2.0
    domhandler: ^4.2.0
  checksum: abf7434315283e9aadc2a24bac0e00eab07ae4313b40cc239f89d84d7315ebdfd2fb1b5bf750a96bc1b4403d7237c7b2ebf60459be394d625ead4ca89b934391
  languageName: node
  linkType: hard

"entities@npm:^2.0.0":
  version: 2.2.0
  resolution: "entities@npm:2.2.0"
  checksum: 19010dacaf0912c895ea262b4f6128574f9ccf8d4b3b65c7e8334ad0079b3706376360e28d8843ff50a78aabcb8f08f0a32dbfacdc77e47ed77ca08b713669b3
  languageName: node
  linkType: hard

"follow-redirects@npm:^1.14.4":
  version: 1.14.6
  resolution: "follow-redirects@npm:1.14.6"
  peerDependenciesMeta:
    debug:
      optional: true
  checksum: 7fcdb089a733d2aa39041880790e9f772df009fcd0b243fee7e10acf0e14a8dab5208cf79eb1de35b9cc6033d4dde7f95becadfaa360c50d460b4c730b375e80
  languageName: node
  linkType: hard

"he@npm:1.2.0":
  version: 1.2.0
  resolution: "he@npm:1.2.0"
  bin:
    he: bin/he
  checksum: 3d4d6babccccd79c5c5a3f929a68af33360d6445587d628087f39a965079d84f18ce9c3d3f917ee1e3978916fc833bb8b29377c3b403f919426f91bc6965e7a7
  languageName: node
  linkType: hard

"json5@npm:^2.1.1":
  version: 2.2.0
  resolution: "json5@npm:2.2.0"
  dependencies:
    minimist: ^1.2.5
  bin:
    json5: lib/cli.js
  checksum: e88fc5274bb58fc99547baa777886b069d2dd96d9cfc4490b305fd16d711dabd5979e35a4f90873cefbeb552e216b041a304fe56702bedba76e19bc7845f208d
  languageName: node
  linkType: hard

"minimist@npm:^1.2.5":
  version: 1.2.5
  resolution: "minimist@npm:1.2.5"
  checksum: 86706ce5b36c16bfc35c5fe3dbb01d5acdc9a22f2b6cc810b6680656a1d2c0e44a0159c9a3ba51fb072bb5c203e49e10b51dcd0eec39c481f4c42086719bae52
  languageName: node
  linkType: hard

"node-html-parser@npm:^5.1.0":
  version: 5.1.0
  resolution: "node-html-parser@npm:5.1.0"
  dependencies:
    css-select: ^4.1.3
    he: 1.2.0
  checksum: 52349d9d5c915ddf9dc0b5078ba3209098569f7a945724a2256018d7970440edd3325b317304ad47f5a66956700165f8628ba3fee637147cd4e5b054779f8526
  languageName: node
  linkType: hard

"nth-check@npm:^2.0.0":
  version: 2.0.1
  resolution: "nth-check@npm:2.0.1"
  dependencies:
    boolbase: ^1.0.0
  checksum: 5386d035c48438ff304fe687704d93886397349d1bed136de97aeae464caba10e8ffac55a04b215b86b3bc8897f33e0a5aa1045a9d8b2f251ae61b2a3ad3e450
  languageName: node
  linkType: hard

"prettier@npm:2.5.1":
  version: 2.5.1
  resolution: "prettier@npm:2.5.1"
  bin:
    prettier: bin-prettier.js
  checksum: 21b9408476ea1c544b0e45d51ceb94a84789ff92095abb710942d780c862d0daebdb29972d47f6b4d0f7ebbfb0ffbf56cc2cfa3e3e9d1cca54864af185b15b66
  languageName: node
  linkType: hard
